
Microsoft Visual Studio Solution File, Format Version 12.00
# Visual Studio 15
VisualStudioVersion = 15.0.26403.3
MinimumVisualStudioVersion = 10.0.40219.1
Project("{FAE04EC0-301F-11D3-BF4B-00C04F79EFBC}") = "TravelAgency.UI", "TravelAgency.UI\TravelAgency.UI.csproj", "{70CA6057-3CAD-4E03-AD40-70CDA3A12CC1}"
EndProject
Project("{FAE04EC0-301F-11D3-BF4B-00C04F79EFBC}") = "TravelAgency.Core", "TravelAgency.Core\TravelAgency.Core.csproj", "{FEDC7CFD-9CE4-488A-9080-E80FCCA1566C}"
EndProject
Global
	GlobalSection(SolutionConfigurationPlatforms) = preSolution
		Debug|Any CPU = Debug|Any CPU
		Release|Any CPU = Release|Any CPU
	EndGlobalSection
	GlobalSection(ProjectConfigurationPlatforms) = postSolution
		{70CA6057-3CAD-4E03-AD40-70CDA3A12CC1}.Debug|Any CPU.ActiveCfg = Debug|Any CPU
		{70CA6057-3CAD-4E03-AD40-70CDA3A12CC1}.Debug|Any CPU.Build.0 = Debug|Any CPU
		{70CA6057-3CAD-4E03-AD40-70CDA3A12CC1}.Release|Any CPU.ActiveCfg = Release|Any CPU
		{70CA6057-3CAD-4E03-AD40-70CDA3A12CC1}.Release|Any CPU.Build.0 = Release|Any CPU
		{FEDC7CFD-9CE4-488A-9080-E80FCCA1566C}.Debug|Any CPU.ActiveCfg = Debug|Any CPU
		{FEDC7CFD-9CE4-488A-9080-E80FCCA1566C}.Debug|Any CPU.Build.0 = Debug|Any CPU
		{FEDC7CFD-9CE4-488A-9080-E80FCCA1566C}.Release|Any CPU.ActiveCfg = Release|Any CPU
		{FEDC7CFD-9CE4-488A-9080-E80FCCA1566C}.Release|Any CPU.Build.0 = Release|Any CPU
	EndGlobalSection
	GlobalSection(SolutionProperties) = preSolution
		HideSolutionNode = FALSE
	EndGlobalSection
EndGlobal
